{
  "name": "backdrop",
  "lockfileVersion": 3,
  "requires": true,
  "packages": {
    "": {
      "name": "backdrop",
      "license": "MIT",
      "devDependencies": {
        "bats": "^1.13.0",
        "czg": "^1.13.1",
        "prettier": "^3.8.3",
        "simple-git-hooks": "^2.13.1"
      }
    },
    "node_modules/bats": {
      "version": "1.13.0",
      "resolved": "https://registry.npmjs.org/bats/-/bats-1.13.0.tgz",
      "integrity": "sha512-giSYKGTOcPZyJDbfbTtzAedLcNWdjCLbXYU3/MwPnjyvDXzu6Dgw8d2M+8jHhZXSmsCMSQqCp+YBsJ603UO4vQ==",
      "dev": true,
      "license": "MIT",
      "bin": {
        "bats": "bin/bats"
      }
    },
    "node_modules/czg": {
      "version": "1.13.1",
      "resolved": "https://registry.npmjs.org/czg/-/czg-1.13.1.tgz",
      "integrity": "sha512-mCfY4bCAMAdaFSlrQwtUTChzFAv59kD/y2leX5+C7X9inu0mt/VkHT7gkbzwcToh26oJaOaYPA9lcXUX92/6cw==",
      "dev": true,
      "license": "MIT",
      "bin": {
        "czg": "bin/index.js",
        "git-czg": "bin/index.js"
      },
      "engines": {
        "node": ">=v12.20.0"
      }
    },
    "node_modules/prettier": {
      "version": "3.8.3",
      "resolved": "https://registry.npmjs.org/prettier/-/prettier-3.8.3.tgz",
      "integrity": "sha512-7igPTM53cGHMW8xWuVTydi2KO233VFiTNyF5hLJqpilHfmn8C8gPf+PS7dUT64YcXFbiMGZxS9pCSxL/Dxm/Jw==",
      "dev": true,
      "license": "MIT",
      "bin": {
        "prettier": "bin/prettier.cjs"
      },
      "engines": {
        "node": ">=14"
      },
      "funding": {
        "url": "https://github.com/prettier/prettier?sponsor=1"
      }
    },
    "node_modules/simple-git-hooks": {
      "version": "2.13.1",
      "resolved": "https://registry.npmjs.org/simple-git-hooks/-/simple-git-hooks-2.13.1.tgz",
      "integrity": "sha512-WszCLXwT4h2k1ufIXAgsbiTOazqqevFCIncOuUBZJ91DdvWcC5+OFkluWRQPrcuSYd8fjq+o2y1QfWqYMoAToQ==",
      "dev": true,
      "hasInstallScript": true,
      "license": "MIT",
      "bin": {
        "simple-git-hooks": "cli.js"
      }
    }
  }
}
